
Microsoft Visual Studio Solution File, Format Version 12.00
# Visual Studio 15
VisualStudioVersion = 15.0.26730.15
MinimumVisualStudioVersion = 10.0.40219.1
Project("{FAE04EC0-301F-11D3-BF4B-00C04F79EFBC}") = "UWPReactiveUI", "UWPReactiveUI\UWPReactiveUI.csproj", "{BACB2250-3CEF-44F6-8A23-BEA22F860FED}"
EndProject
Project("{FAE04EC0-301F-11D3-BF4B-00C04F79EFBC}") = "UWPReactiveUI.Core", "UWPReactiveUI.Core\UWPReactiveUI.Core.csproj", "{133C1749-452D-4C94-8634-FF512202C002}"
EndProject
Project("{FAE04EC0-301F-11D3-BF4B-00C04F79EFBC}") = "UWPReactiveUI.Tests", "UWPReactiveUI.Tests\UWPReactiveUI.Tests.csproj", "{34E0D6E0-F20D-48CF-B859-1D1C97C2C411}"
EndProject
Project("{FAE04EC0-301F-11D3-BF4B-00C04F79EFBC}") = "UWPReactiveUI.Services.Interfaces", "UWPReactiveUI.Services.Interfaces\UWPReactiveUI.Services.Interfaces.csproj", "{DC85CFD9-6D6E-4F69-897A-B9FA999358A0}"
EndProject
Project("{FAE04EC0-301F-11D3-BF4B-00C04F79EFBC}") = "UWPReactiveUI.Services.Impl", "UWPReactiveUI.Services.Impl\UWPReactiveUI.Services.Impl.csproj", "{04DF099B-A5AF-46DF-B439-29CE588C7B80}"
EndProject
Project("{FAE04EC0-301F-11D3-BF4B-00C04F79EFBC}") = "UWPReactiveUI.Services.Models", "UWPReactiveUI.Services.Models\UWPReactiveUI.Services.Models.csproj", "{A8B64414-6DBE-4F1E-8CB4-5C21BC5577C4}"
EndProject
Global
	GlobalSection(SolutionConfigurationPlatforms) = preSolution
		Debug|Any CPU = Debug|Any CPU
		Debug|ARM = Debug|ARM
		Debug|x64 = Debug|x64
		Debug|x86 = Debug|x86
		Release|Any CPU = Release|Any CPU
		Release|ARM = Release|ARM
		Release|x64 = Release|x64
		Release|x86 = Release|x86
	EndGlobalSection
	GlobalSection(ProjectConfigurationPlatforms) = postSolution
		{BACB2250-3CEF-44F6-8A23-BEA22F860FED}.Debug|Any CPU.ActiveCfg = Debug|x86
		{BACB2250-3CEF-44F6-8A23-BEA22F860FED}.Debug|Any CPU.Build.0 = Debug|x86
		{BACB2250-3CEF-44F6-8A23-BEA22F860FED}.Debug|Any CPU.Deploy.0 = Debug|x86
		{BACB2250-3CEF-44F6-8A23-BEA22F860FED}.Debug|ARM.ActiveCfg = Debug|ARM
		{BACB2250-3CEF-44F6-8A23-BEA22F860FED}.Debug|ARM.Build.0 = Debug|ARM
		{BACB2250-3CEF-44F6-8A23-BEA22F860FED}.Debug|ARM.Deploy.0 = Debug|ARM
		{BACB2250-3CEF-44F6-8A23-BEA22F860FED}.Debug|x64.ActiveCfg = Debug|x64
		{BACB2250-3CEF-44F6-8A23-BEA22F860FED}.Debug|x64.Build.0 = Debug|x64
		{BACB2250-3CEF-44F6-8A23-BEA22F860FED}.Debug|x64.Deploy.0 = Debug|x64
		{BACB2250-3CEF-44F6-8A23-BEA22F860FED}.Debug|x86.ActiveCfg = Debug|x86
		{BACB2250-3CEF-44F6-8A23-BEA22F860FED}.Debug|x86.Build.0 = Debug|x86
		{BACB2250-3CEF-44F6-8A23-BEA22F860FED}.Debug|x86.Deploy.0 = Debug|x86
		{BACB2250-3CEF-44F6-8A23-BEA22F860FED}.Release|Any CPU.ActiveCfg = Release|x86
		{BACB2250-3CEF-44F6-8A23-BEA22F860FED}.Release|ARM.ActiveCfg = Release|ARM
		{BACB2250-3CEF-44F6-8A23-BEA22F860FED}.Release|ARM.Build.0 = Release|ARM
		{BACB2250-3CEF-44F6-8A23-BEA22F860FED}.Release|ARM.Deploy.0 = Release|ARM
		{BACB2250-3CEF-44F6-8A23-BEA22F860FED}.Release|x64.ActiveCfg = Release|x64
		{BACB2250-3CEF-44F6-8A23-BEA22F860FED}.Release|x64.Build.0 = Release|x64
		{BACB2250-3CEF-44F6-8A23-BEA22F860FED}.Release|x64.Deploy.0 = Release|x64
		{BACB2250-3CEF-44F6-8A23-BEA22F860FED}.Release|x86.ActiveCfg = Release|x86
		{BACB2250-3CEF-44F6-8A23-BEA22F860FED}.Release|x86.Build.0 = Release|x86
		{BACB2250-3CEF-44F6-8A23-BEA22F860FED}.Release|x86.Deploy.0 = Release|x86
		{133C1749-452D-4C94-8634-FF512202C002}.Debug|Any CPU.ActiveCfg = Debug|Any CPU
		{133C1749-452D-4C94-8634-FF512202C002}.Debug|Any CPU.Build.0 = Debug|Any CPU
		{133C1749-452D-4C94-8634-FF512202C002}.Debug|ARM.ActiveCfg = Debug|ARM
		{133C1749-452D-4C94-8634-FF512202C002}.Debug|ARM.Build.0 = Debug|ARM
		{133C1749-452D-4C94-8634-FF512202C002}.Debug|x64.ActiveCfg = Debug|x64
		{133C1749-452D-4C94-8634-FF512202C002}.Debug|x64.Build.0 = Debug|x64
		{133C1749-452D-4C94-8634-FF512202C002}.Debug|x86.ActiveCfg = Debug|x86
		{133C1749-452D-4C94-8634-FF512202C002}.Debug|x86.Build.0 = Debug|x86
		{133C1749-452D-4C94-8634-FF512202C002}.Release|Any CPU.ActiveCfg = Release|Any CPU
		{133C1749-452D-4C94-8634-FF512202C002}.Release|Any CPU.Build.0 = Release|Any CPU
		{133C1749-452D-4C94-8634-FF512202C002}.Release|ARM.ActiveCfg = Release|ARM
		{133C1749-452D-4C94-8634-FF512202C002}.Release|ARM.Build.0 = Release|ARM
		{133C1749-452D-4C94-8634-FF512202C002}.Release|x64.ActiveCfg = Release|x64
		{133C1749-452D-4C94-8634-FF512202C002}.Release|x64.Build.0 = Release|x64
		{133C1749-452D-4C94-8634-FF512202C002}.Release|x86.ActiveCfg = Release|x86
		{133C1749-452D-4C94-8634-FF512202C002}.Release|x86.Build.0 = Release|x86
		{34E0D6E0-F20D-48CF-B859-1D1C97C2C411}.Debug|Any CPU.ActiveCfg = Debug|x86
		{34E0D6E0-F20D-48CF-B859-1D1C97C2C411}.Debug|Any CPU.Build.0 = Debug|x86
		{34E0D6E0-F20D-48CF-B859-1D1C97C2C411}.Debug|ARM.ActiveCfg = Debug|ARM
		{34E0D6E0-F20D-48CF-B859-1D1C97C2C411}.Debug|ARM.Build.0 = Debug|ARM
		{34E0D6E0-F20D-48CF-B859-1D1C97C2C411}.Debug|ARM.Deploy.0 = Debug|ARM
		{34E0D6E0-F20D-48CF-B859-1D1C97C2C411}.Debug|x64.ActiveCfg = Debug|x64
		{34E0D6E0-F20D-48CF-B859-1D1C97C2C411}.Debug|x64.Build.0 = Debug|x64
		{34E0D6E0-F20D-48CF-B859-1D1C97C2C411}.Debug|x64.Deploy.0 = Debug|x64
		{34E0D6E0-F20D-48CF-B859-1D1C97C2C411}.Debug|x86.ActiveCfg = Debug|x86
		{34E0D6E0-F20D-48CF-B859-1D1C97C2C411}.Debug|x86.Build.0 = Debug|x86
		{34E0D6E0-F20D-48CF-B859-1D1C97C2C411}.Debug|x86.Deploy.0 = Debug|x86
		{34E0D6E0-F20D-48CF-B859-1D1C97C2C411}.Release|Any CPU.ActiveCfg = Release|x86
		{34E0D6E0-F20D-48CF-B859-1D1C97C2C411}.Release|ARM.ActiveCfg = Release|ARM
		{34E0D6E0-F20D-48CF-B859-1D1C97C2C411}.Release|ARM.Build.0 = Release|ARM
		{34E0D6E0-F20D-48CF-B859-1D1C97C2C411}.Release|ARM.Deploy.0 = Release|ARM
		{34E0D6E0-F20D-48CF-B859-1D1C97C2C411}.Release|x64.ActiveCfg = Release|x64
		{34E0D6E0-F20D-48CF-B859-1D1C97C2C411}.Release|x64.Build.0 = Release|x64
		{34E0D6E0-F20D-48CF-B859-1D1C97C2C411}.Release|x64.Deploy.0 = Release|x64
		{34E0D6E0-F20D-48CF-B859-1D1C97C2C411}.Release|x86.ActiveCfg = Release|x86
		{34E0D6E0-F20D-48CF-B859-1D1C97C2C411}.Release|x86.Build.0 = Release|x86
		{34E0D6E0-F20D-48CF-B859-1D1C97C2C411}.Release|x86.Deploy.0 = Release|x86
		{DC85CFD9-6D6E-4F69-897A-B9FA999358A0}.Debug|Any CPU.ActiveCfg = Debug|Any CPU
		{DC85CFD9-6D6E-4F69-897A-B9FA999358A0}.Debug|Any CPU.Build.0 = Debug|Any CPU
		{DC85CFD9-6D6E-4F69-897A-B9FA999358A0}.Debug|ARM.ActiveCfg = Debug|ARM
		{DC85CFD9-6D6E-4F69-897A-B9FA999358A0}.Debug|ARM.Build.0 = Debug|ARM
		{DC85CFD9-6D6E-4F69-897A-B9FA999358A0}.Debug|x64.ActiveCfg = Debug|x64
		{DC85CFD9-6D6E-4F69-897A-B9FA999358A0}.Debug|x64.Build.0 = Debug|x64
		{DC85CFD9-6D6E-4F69-897A-B9FA999358A0}.Debug|x86.ActiveCfg = Debug|x86
		{DC85CFD9-6D6E-4F69-897A-B9FA999358A0}.Debug|x86.Build.0 = Debug|x86
		{DC85CFD9-6D6E-4F69-897A-B9FA999358A0}.Release|Any CPU.ActiveCfg = Release|Any CPU
		{DC85CFD9-6D6E-4F69-897A-B9FA999358A0}.Release|Any CPU.Build.0 = Release|Any CPU
		{DC85CFD9-6D6E-4F69-897A-B9FA999358A0}.Release|ARM.ActiveCfg = Release|ARM
		{DC85CFD9-6D6E-4F69-897A-B9FA999358A0}.Release|ARM.Build.0 = Release|ARM
		{DC85CFD9-6D6E-4F69-897A-B9FA999358A0}.Release|x64.ActiveCfg = Release|x64
		{DC85CFD9-6D6E-4F69-897A-B9FA999358A0}.Release|x64.Build.0 = Release|x64
		{DC85CFD9-6D6E-4F69-897A-B9FA999358A0}.Release|x86.ActiveCfg = Release|x86
		{DC85CFD9-6D6E-4F69-897A-B9FA999358A0}.Release|x86.Build.0 = Release|x86
		{04DF099B-A5AF-46DF-B439-29CE588C7B80}.Debug|Any CPU.ActiveCfg = Debug|Any CPU
		{04DF099B-A5AF-46DF-B439-29CE588C7B80}.Debug|Any CPU.Build.0 = Debug|Any CPU
		{04DF099B-A5AF-46DF-B439-29CE588C7B80}.Debug|ARM.ActiveCfg = Debug|ARM
		{04DF099B-A5AF-46DF-B439-29CE588C7B80}.Debug|ARM.Build.0 = Debug|ARM
		{04DF099B-A5AF-46DF-B439-29CE588C7B80}.Debug|x64.ActiveCfg = Debug|x64
		{04DF099B-A5AF-46DF-B439-29CE588C7B80}.Debug|x64.Build.0 = Debug|x64
		{04DF099B-A5AF-46DF-B439-29CE588C7B80}.Debug|x86.ActiveCfg = Debug|x86
		{04DF099B-A5AF-46DF-B439-29CE588C7B80}.Debug|x86.Build.0 = Debug|x86
		{04DF099B-A5AF-46DF-B439-29CE588C7B80}.Release|Any CPU.ActiveCfg = Release|Any CPU
		{04DF099B-A5AF-46DF-B439-29CE588C7B80}.Release|Any CPU.Build.0 = Release|Any CPU
		{04DF099B-A5AF-46DF-B439-29CE588C7B80}.Release|ARM.ActiveCfg = Release|ARM
		{04DF099B-A5AF-46DF-B439-29CE588C7B80}.Release|ARM.Build.0 = Release|ARM
		{04DF099B-A5AF-46DF-B439-29CE588C7B80}.Release|x64.ActiveCfg = Release|x64
		{04DF099B-A5AF-46DF-B439-29CE588C7B80}.Release|x64.Build.0 = Release|x64
		{04DF099B-A5AF-46DF-B439-29CE588C7B80}.Release|x86.ActiveCfg = Release|x86
		{04DF099B-A5AF-46DF-B439-29CE588C7B80}.Release|x86.Build.0 = Release|x86
		{A8B64414-6DBE-4F1E-8CB4-5C21BC5577C4}.Debug|Any CPU.ActiveCfg = Debug|Any CPU
		{A8B64414-6DBE-4F1E-8CB4-5C21BC5577C4}.Debug|Any CPU.Build.0 = Debug|Any CPU
		{A8B64414-6DBE-4F1E-8CB4-5C21BC5577C4}.Debug|ARM.ActiveCfg = Debug|ARM
		{A8B64414-6DBE-4F1E-8CB4-5C21BC5577C4}.Debug|ARM.Build.0 = Debug|ARM
		{A8B64414-6DBE-4F1E-8CB4-5C21BC5577C4}.Debug|x64.ActiveCfg = Debug|x64
		{A8B64414-6DBE-4F1E-8CB4-5C21BC5577C4}.Debug|x64.Build.0 = Debug|x64
		{A8B64414-6DBE-4F1E-8CB4-5C21BC5577C4}.Debug|x86.ActiveCfg = Debug|x86
		{A8B64414-6DBE-4F1E-8CB4-5C21BC5577C4}.Debug|x86.Build.0 = Debug|x86
		{A8B64414-6DBE-4F1E-8CB4-5C21BC5577C4}.Release|Any CPU.ActiveCfg = Release|Any CPU
		{A8B64414-6DBE-4F1E-8CB4-5C21BC5577C4}.Release|Any CPU.Build.0 = Release|Any CPU
		{A8B64414-6DBE-4F1E-8CB4-5C21BC5577C4}.Release|ARM.ActiveCfg = Release|ARM
		{A8B64414-6DBE-4F1E-8CB4-5C21BC5577C4}.Release|ARM.Build.0 = Release|ARM
		{A8B64414-6DBE-4F1E-8CB4-5C21BC5577C4}.Release|x64.ActiveCfg = Release|x64
		{A8B64414-6DBE-4F1E-8CB4-5C21BC5577C4}.Release|x64.Build.0 = Release|x64
		{A8B64414-6DBE-4F1E-8CB4-5C21BC5577C4}.Release|x86.ActiveCfg = Release|x86
		{A8B64414-6DBE-4F1E-8CB4-5C21BC5577C4}.Release|x86.Build.0 = Release|x86
	EndGlobalSection
	GlobalSection(SolutionProperties) = preSolution
		HideSolutionNode = FALSE
	EndGlobalSection
	GlobalSection(ExtensibilityGlobals) = postSolution
		SolutionGuid = {C2940FC2-8F02-4097-B81A-921AC5EEAAED}
	EndGlobalSection
EndGlobal
